
Microsoft Visual Studio Solution File, Format Version 12.00
# Visual Studio Version 16
VisualStudioVersion = 16.0.29009.5
MinimumVisualStudioVersion = 10.0.40219.1
Project("{FAE04EC0-301F-11D3-BF4B-00C04F79EFBC}") = "homework_project_codeAcademy", "homework_project_codeAcademy\homework_project_codeAcademy.csproj", "{7619B1C3-A521-40B6-8CC1-9C294601B8AB}"
EndProject
Global
	GlobalSection(SolutionConfigurationPlatforms) = preSolution
		Debug|Any CPU = Debug|Any CPU
		Release|Any CPU = Release|Any CPU
	EndGlobalSection
	GlobalSection(ProjectConfigurationPlatforms) = postSolution
		{7619B1C3-A521-40B6-8CC1-9C294601B8AB}.Debug|Any CPU.ActiveCfg = Debug|Any CPU
		{7619B1C3-A521-40B6-8CC1-9C294601B8AB}.Debug|Any CPU.Build.0 = Debug|Any CPU
		{7619B1C3-A521-40B6-8CC1-9C294601B8AB}.Release|Any CPU.ActiveCfg = Release|Any CPU
		{7619B1C3-A521-40B6-8CC1-9C294601B8AB}.Release|Any CPU.Build.0 = Release|Any CPU
	EndGlobalSection
	GlobalSection(SolutionProperties) = preSolution
		HideSolutionNode = FALSE
	EndGlobalSection
	GlobalSection(ExtensibilityGlobals) = postSolution
		SolutionGuid = {D0BBF76E-6BF7-47B9-B302-6C6381EEF601}
	EndGlobalSection
EndGlobal
